
Microsoft Visual Studio Solution File, Format Version 12.00
# Visual Studio Version 16
VisualStudioVersion = 16.0.29613.14
MinimumVisualStudioVersion = 15.0.26124.0
Project("{2150E333-8FDC-42A3-9474-1A3956D46DE8}") = "Birdcage", "Birdcage", "{403C88FC-9D32-436E-A35A-EB7EAABBFC74}"
EndProject
Project("{FAE04EC0-301F-11D3-BF4B-00C04F79EFBC}") = "Birdcage", "Birdcage\Birdcage\Birdcage.csproj", "{3074E37F-7E98-4D50-8A51-BBC581754224}"
EndProject
Project("{FAE04EC0-301F-11D3-BF4B-00C04F79EFBC}") = "Birdcage.UnitTests", "Birdcage\Birdcage.UnitTests\Birdcage.UnitTests.csproj", "{7E4B5F62-EC74-472D-A1D5-E42E82697F10}"
EndProject
Project("{2150E333-8FDC-42A3-9474-1A3956D46DE8}") = "Steamy", "Steamy", "{254B9330-E54F-4722-BD3E-07FF9B046DCD}"
EndProject
Project("{2150E333-8FDC-42A3-9474-1A3956D46DE8}") = "Ragnarok", "Ragnarok", "{27C8223A-C8EC-4EA6-957D-A39DEC63F962}"
EndProject
Project("{FAE04EC0-301F-11D3-BF4B-00C04F79EFBC}") = "Ragnarok", "Ragnarok\Ragnarok\Ragnarok.csproj", "{7C2946E5-707F-4499-A2F6-FE91BCA84DAC}"
EndProject
Project("{FAE04EC0-301F-11D3-BF4B-00C04F79EFBC}") = "Ragnarok.UnitTest", "Ragnarok\Ragnarok.UnitTest\Ragnarok.UnitTest.csproj", "{81ED326F-77F5-4D82-8955-21A2B8D722C7}"
EndProject
Project("{2150E333-8FDC-42A3-9474-1A3956D46DE8}") = "Infrastructure", "Infrastructure", "{6CEED9D6-FB05-4E81-A460-6AF41969BC79}"
EndProject
Project("{FAE04EC0-301F-11D3-BF4B-00C04F79EFBC}") = "Infrastructure", "Infrastructure\Infrastructure\Infrastructure.csproj", "{AD014C29-9FB7-42E5-A88A-40BE0AEB6C0B}"
EndProject
Project("{FAE04EC0-301F-11D3-BF4B-00C04F79EFBC}") = "Infrastructure.UnitTest", "Infrastructure\Infrastructure.UnitTest\Infrastructure.UnitTest.csproj", "{DE523E6B-ED70-4DEA-B7FE-2AC3C8938119}"
EndProject
Project("{2150E333-8FDC-42A3-9474-1A3956D46DE8}") = "EminentDomain", "EminentDomain", "{6CC82158-5E74-4525-BD11-14EF3A4F5471}"
EndProject
Project("{FAE04EC0-301F-11D3-BF4B-00C04F79EFBC}") = "EminentDomain", "EminentDomain\EminentDomain\EminentDomain.csproj", "{0B6547BF-14BE-4934-BE7A-3F3A4FAAF741}"
EndProject
Project("{FAE04EC0-301F-11D3-BF4B-00C04F79EFBC}") = "EminentDomain.UnitTests", "EminentDomain\EminentDomain.UnitTests\EminentDomain.UnitTests.csproj", "{7080EBE3-D853-48C4-9198-2131A344BBCA}"
EndProject
Project("{FAE04EC0-301F-11D3-BF4B-00C04F79EFBC}") = "Steamy", "Steamy\Steamy\Steamy.csproj", "{91AB45A6-2552-40A1-8B97-498578AC83E7}"
EndProject
Project("{FAE04EC0-301F-11D3-BF4B-00C04F79EFBC}") = "Steamy.UnitTests", "Steamy\Steamy.UnitTests\Steamy.UnitTests.csproj", "{9929CF72-F675-4646-8EB6-58E9A7B3F37E}"
EndProject
Global
	GlobalSection(SolutionConfigurationPlatforms) = preSolution
		Debug|Any CPU = Debug|Any CPU
		Debug|x64 = Debug|x64
		Debug|x86 = Debug|x86
		Release|Any CPU = Release|Any CPU
		Release|x64 = Release|x64
		Release|x86 = Release|x86
	EndGlobalSection
	GlobalSection(ProjectConfigurationPlatforms) = postSolution
		{3074E37F-7E98-4D50-8A51-BBC581754224}.Debug|Any CPU.ActiveCfg = Debug|Any CPU
		{3074E37F-7E98-4D50-8A51-BBC581754224}.Debug|Any CPU.Build.0 = Debug|Any CPU
		{3074E37F-7E98-4D50-8A51-BBC581754224}.Debug|x64.ActiveCfg = Debug|Any CPU
		{3074E37F-7E98-4D50-8A51-BBC581754224}.Debug|x64.Build.0 = Debug|Any CPU
		{3074E37F-7E98-4D50-8A51-BBC581754224}.Debug|x86.ActiveCfg = Debug|Any CPU
		{3074E37F-7E98-4D50-8A51-BBC581754224}.Debug|x86.Build.0 = Debug|Any CPU
		{3074E37F-7E98-4D50-8A51-BBC581754224}.Release|Any CPU.ActiveCfg = Debug|Any CPU
		{3074E37F-7E98-4D50-8A51-BBC581754224}.Release|Any CPU.Build.0 = Debug|Any CPU
		{3074E37F-7E98-4D50-8A51-BBC581754224}.Release|x64.ActiveCfg = Debug|Any CPU
		{3074E37F-7E98-4D50-8A51-BBC581754224}.Release|x64.Build.0 = Debug|Any CPU
		{3074E37F-7E98-4D50-8A51-BBC581754224}.Release|x86.ActiveCfg = Debug|Any CPU
		{3074E37F-7E98-4D50-8A51-BBC581754224}.Release|x86.Build.0 = Debug|Any CPU
		{7E4B5F62-EC74-472D-A1D5-E42E82697F10}.Debug|Any CPU.ActiveCfg = Debug|Any CPU
		{7E4B5F62-EC74-472D-A1D5-E42E82697F10}.Debug|Any CPU.Build.0 = Debug|Any CPU
		{7E4B5F62-EC74-472D-A1D5-E42E82697F10}.Debug|x64.ActiveCfg = Debug|Any CPU
		{7E4B5F62-EC74-472D-A1D5-E42E82697F10}.Debug|x64.Build.0 = Debug|Any CPU
		{7E4B5F62-EC74-472D-A1D5-E42E82697F10}.Debug|x86.ActiveCfg = Debug|Any CPU
		{7E4B5F62-EC74-472D-A1D5-E42E82697F10}.Debug|x86.Build.0 = Debug|Any CPU
		{7E4B5F62-EC74-472D-A1D5-E42E82697F10}.Release|Any CPU.ActiveCfg = Debug|Any CPU
		{7E4B5F62-EC74-472D-A1D5-E42E82697F10}.Release|Any CPU.Build.0 = Debug|Any CPU
		{7E4B5F62-EC74-472D-A1D5-E42E82697F10}.Release|x64.ActiveCfg = Debug|Any CPU
		{7E4B5F62-EC74-472D-A1D5-E42E82697F10}.Release|x64.Build.0 = Debug|Any CPU
		{7E4B5F62-EC74-472D-A1D5-E42E82697F10}.Release|x86.ActiveCfg = Debug|Any CPU
		{7E4B5F62-EC74-472D-A1D5-E42E82697F10}.Release|x86.Build.0 = Debug|Any CPU
		{7C2946E5-707F-4499-A2F6-FE91BCA84DAC}.Debug|Any CPU.ActiveCfg = Debug|Any CPU
		{7C2946E5-707F-4499-A2F6-FE91BCA84DAC}.Debug|Any CPU.Build.0 = Debug|Any CPU
		{7C2946E5-707F-4499-A2F6-FE91BCA84DAC}.Debug|x64.ActiveCfg = Debug|Any CPU
		{7C2946E5-707F-4499-A2F6-FE91BCA84DAC}.Debug|x64.Build.0 = Debug|Any CPU
		{7C2946E5-707F-4499-A2F6-FE91BCA84DAC}.Debug|x86.ActiveCfg = Debug|Any CPU
		{7C2946E5-707F-4499-A2F6-FE91BCA84DAC}.Debug|x86.Build.0 = Debug|Any CPU
		{7C2946E5-707F-4499-A2F6-FE91BCA84DAC}.Release|Any CPU.ActiveCfg = Debug|Any CPU
		{7C2946E5-707F-4499-A2F6-FE91BCA84DAC}.Release|Any CPU.Build.0 = Debug|Any CPU
		{7C2946E5-707F-4499-A2F6-FE91BCA84DAC}.Release|x64.ActiveCfg = Debug|Any CPU
		{7C2946E5-707F-4499-A2F6-FE91BCA84DAC}.Release|x64.Build.0 = Debug|Any CPU
		{7C2946E5-707F-4499-A2F6-FE91BCA84DAC}.Release|x86.ActiveCfg = Debug|Any CPU
		{7C2946E5-707F-4499-A2F6-FE91BCA84DAC}.Release|x86.Build.0 = Debug|Any CPU
		{81ED326F-77F5-4D82-8955-21A2B8D722C7}.Debug|Any CPU.ActiveCfg = Debug|Any CPU
		{81ED326F-77F5-4D82-8955-21A2B8D722C7}.Debug|Any CPU.Build.0 = Debug|Any CPU
		{81ED326F-77F5-4D82-8955-21A2B8D722C7}.Debug|x64.ActiveCfg = Debug|Any CPU
		{81ED326F-77F5-4D82-8955-21A2B8D722C7}.Debug|x64.Build.0 = Debug|Any CPU
		{81ED326F-77F5-4D82-8955-21A2B8D722C7}.Debug|x86.ActiveCfg = Debug|Any CPU
		{81ED326F-77F5-4D82-8955-21A2B8D722C7}.Debug|x86.Build.0 = Debug|Any CPU
		{81ED326F-77F5-4D82-8955-21A2B8D722C7}.Release|Any CPU.ActiveCfg = Debug|Any CPU
		{81ED326F-77F5-4D82-8955-21A2B8D722C7}.Release|Any CPU.Build.0 = Debug|Any CPU
		{81ED326F-77F5-4D82-8955-21A2B8D722C7}.Release|x64.ActiveCfg = Debug|Any CPU
		{81ED326F-77F5-4D82-8955-21A2B8D722C7}.Release|x64.Build.0 = Debug|Any CPU
		{81ED326F-77F5-4D82-8955-21A2B8D722C7}.Release|x86.ActiveCfg = Debug|Any CPU
		{81ED326F-77F5-4D82-8955-21A2B8D722C7}.Release|x86.Build.0 = Debug|Any CPU
		{AD014C29-9FB7-42E5-A88A-40BE0AEB6C0B}.Debug|Any CPU.ActiveCfg = Debug|Any CPU
		{AD014C29-9FB7-42E5-A88A-40BE0AEB6C0B}.Debug|Any CPU.Build.0 = Debug|Any CPU
		{AD014C29-9FB7-42E5-A88A-40BE0AEB6C0B}.Debug|x64.ActiveCfg = Debug|Any CPU
		{AD014C29-9FB7-42E5-A88A-40BE0AEB6C0B}.Debug|x64.Build.0 = Debug|Any CPU
		{AD014C29-9FB7-42E5-A88A-40BE0AEB6C0B}.Debug|x86.ActiveCfg = Debug|Any CPU
		{AD014C29-9FB7-42E5-A88A-40BE0AEB6C0B}.Debug|x86.Build.0 = Debug|Any CPU
		{AD014C29-9FB7-42E5-A88A-40BE0AEB6C0B}.Release|Any CPU.ActiveCfg = Debug|Any CPU
		{AD014C29-9FB7-42E5-A88A-40BE0AEB6C0B}.Release|Any CPU.Build.0 = Debug|Any CPU
		{AD014C29-9FB7-42E5-A88A-40BE0AEB6C0B}.Release|x64.ActiveCfg = Debug|Any CPU
		{AD014C29-9FB7-42E5-A88A-40BE0AEB6C0B}.Release|x64.Build.0 = Debug|Any CPU
		{AD014C29-9FB7-42E5-A88A-40BE0AEB6C0B}.Release|x86.ActiveCfg = Debug|Any CPU
		{AD014C29-9FB7-42E5-A88A-40BE0AEB6C0B}.Release|x86.Build.0 = Debug|Any CPU
		{DE523E6B-ED70-4DEA-B7FE-2AC3C8938119}.Debug|Any CPU.ActiveCfg = Debug|Any CPU
		{DE523E6B-ED70-4DEA-B7FE-2AC3C8938119}.Debug|Any CPU.Build.0 = Debug|Any CPU
		{DE523E6B-ED70-4DEA-B7FE-2AC3C8938119}.Debug|x64.ActiveCfg = Debug|Any CPU
		{DE523E6B-ED70-4DEA-B7FE-2AC3C8938119}.Debug|x64.Build.0 = Debug|Any CPU
		{DE523E6B-ED70-4DEA-B7FE-2AC3C8938119}.Debug|x86.ActiveCfg = Debug|Any CPU
		{DE523E6B-ED70-4DEA-B7FE-2AC3C8938119}.Debug|x86.Build.0 = Debug|Any CPU
		{DE523E6B-ED70-4DEA-B7FE-2AC3C8938119}.Release|Any CPU.ActiveCfg = Debug|Any CPU
		{DE523E6B-ED70-4DEA-B7FE-2AC3C8938119}.Release|Any CPU.Build.0 = Debug|Any CPU
		{DE523E6B-ED70-4DEA-B7FE-2AC3C8938119}.Release|x64.ActiveCfg = Debug|Any CPU
		{DE523E6B-ED70-4DEA-B7FE-2AC3C8938119}.Release|x64.Build.0 = Debug|Any CPU
		{DE523E6B-ED70-4DEA-B7FE-2AC3C8938119}.Release|x86.ActiveCfg = Debug|Any CPU
		{DE523E6B-ED70-4DEA-B7FE-2AC3C8938119}.Release|x86.Build.0 = Debug|Any CPU
		{0B6547BF-14BE-4934-BE7A-3F3A4FAAF741}.Debug|Any CPU.ActiveCfg = Debug|Any CPU
		{0B6547BF-14BE-4934-BE7A-3F3A4FAAF741}.Debug|Any CPU.Build.0 = Debug|Any CPU
		{0B6547BF-14BE-4934-BE7A-3F3A4FAAF741}.Debug|x64.ActiveCfg = Debug|Any CPU
		{0B6547BF-14BE-4934-BE7A-3F3A4FAAF741}.Debug|x64.Build.0 = Debug|Any CPU
		{0B6547BF-14BE-4934-BE7A-3F3A4FAAF741}.Debug|x86.ActiveCfg = Debug|Any CPU
		{0B6547BF-14BE-4934-BE7A-3F3A4FAAF741}.Debug|x86.Build.0 = Debug|Any CPU
		{0B6547BF-14BE-4934-BE7A-3F3A4FAAF741}.Release|Any CPU.ActiveCfg = Release|Any CPU
		{0B6547BF-14BE-4934-BE7A-3F3A4FAAF741}.Release|Any CPU.Build.0 = Release|Any CPU
		{0B6547BF-14BE-4934-BE7A-3F3A4FAAF741}.Release|x64.ActiveCfg = Release|Any CPU
		{0B6547BF-14BE-4934-BE7A-3F3A4FAAF741}.Release|x64.Build.0 = Release|Any CPU
		{0B6547BF-14BE-4934-BE7A-3F3A4FAAF741}.Release|x86.ActiveCfg = Release|Any CPU
		{0B6547BF-14BE-4934-BE7A-3F3A4FAAF741}.Release|x86.Build.0 = Release|Any CPU
		{7080EBE3-D853-48C4-9198-2131A344BBCA}.Debug|Any CPU.ActiveCfg = Debug|Any CPU
		{7080EBE3-D853-48C4-9198-2131A344BBCA}.Debug|Any CPU.Build.0 = Debug|Any CPU
		{7080EBE3-D853-48C4-9198-2131A344BBCA}.Debug|x64.ActiveCfg = Debug|Any CPU
		{7080EBE3-D853-48C4-9198-2131A344BBCA}.Debug|x64.Build.0 = Debug|Any CPU
		{7080EBE3-D853-48C4-9198-2131A344BBCA}.Debug|x86.ActiveCfg = Debug|Any CPU
		{7080EBE3-D853-48C4-9198-2131A344BBCA}.Debug|x86.Build.0 = Debug|Any CPU
		{7080EBE3-D853-48C4-9198-2131A344BBCA}.Release|Any CPU.ActiveCfg = Release|Any CPU
		{7080EBE3-D853-48C4-9198-2131A344BBCA}.Release|Any CPU.Build.0 = Release|Any CPU
		{7080EBE3-D853-48C4-9198-2131A344BBCA}.Release|x64.ActiveCfg = Release|Any CPU
		{7080EBE3-D853-48C4-9198-2131A344BBCA}.Release|x64.Build.0 = Release|Any CPU
		{7080EBE3-D853-48C4-9198-2131A344BBCA}.Release|x86.ActiveCfg = Release|Any CPU
		{7080EBE3-D853-48C4-9198-2131A344BBCA}.Release|x86.Build.0 = Release|Any CPU
		{91AB45A6-2552-40A1-8B97-498578AC83E7}.Debug|Any CPU.ActiveCfg = Debug|Any CPU
		{91AB45A6-2552-40A1-8B97-498578AC83E7}.Debug|Any CPU.Build.0 = Debug|Any CPU
		{91AB45A6-2552-40A1-8B97-498578AC83E7}.Debug|x64.ActiveCfg = Debug|Any CPU
		{91AB45A6-2552-40A1-8B97-498578AC83E7}.Debug|x64.Build.0 = Debug|Any CPU
		{91AB45A6-2552-40A1-8B97-498578AC83E7}.Debug|x86.ActiveCfg = Debug|Any CPU
		{91AB45A6-2552-40A1-8B97-498578AC83E7}.Debug|x86.Build.0 = Debug|Any CPU
		{91AB45A6-2552-40A1-8B97-498578AC83E7}.Release|Any CPU.ActiveCfg = Debug|Any CPU
		{91AB45A6-2552-40A1-8B97-498578AC83E7}.Release|Any CPU.Build.0 = Debug|Any CPU
		{91AB45A6-2552-40A1-8B97-498578AC83E7}.Release|x64.ActiveCfg = Debug|Any CPU
		{91AB45A6-2552-40A1-8B97-498578AC83E7}.Release|x64.Build.0 = Debug|Any CPU
		{91AB45A6-2552-40A1-8B97-498578AC83E7}.Release|x86.ActiveCfg = Debug|Any CPU
		{91AB45A6-2552-40A1-8B97-498578AC83E7}.Release|x86.Build.0 = Debug|Any CPU
		{9929CF72-F675-4646-8EB6-58E9A7B3F37E}.Debug|Any CPU.ActiveCfg = Debug|Any CPU
		{9929CF72-F675-4646-8EB6-58E9A7B3F37E}.Debug|Any CPU.Build.0 = Debug|Any CPU
		{9929CF72-F675-4646-8EB6-58E9A7B3F37E}.Debug|x64.ActiveCfg = Debug|Any CPU
		{9929CF72-F675-4646-8EB6-58E9A7B3F37E}.Debug|x64.Build.0 = Debug|Any CPU
		{9929CF72-F675-4646-8EB6-58E9A7B3F37E}.Debug|x86.ActiveCfg = Debug|Any CPU
		{9929CF72-F675-4646-8EB6-58E9A7B3F37E}.Debug|x86.Build.0 = Debug|Any CPU
		{9929CF72-F675-4646-8EB6-58E9A7B3F37E}.Release|Any CPU.ActiveCfg = Debug|Any CPU
		{9929CF72-F675-4646-8EB6-58E9A7B3F37E}.Release|Any CPU.Build.0 = Debug|Any CPU
		{9929CF72-F675-4646-8EB6-58E9A7B3F37E}.Release|x64.ActiveCfg = Debug|Any CPU
		{9929CF72-F675-4646-8EB6-58E9A7B3F37E}.Release|x64.Build.0 = Debug|Any CPU
		{9929CF72-F675-4646-8EB6-58E9A7B3F37E}.Release|x86.ActiveCfg = Debug|Any CPU
		{9929CF72-F675-4646-8EB6-58E9A7B3F37E}.Release|x86.Build.0 = Debug|Any CPU
	EndGlobalSection
	GlobalSection(SolutionProperties) = preSolution
		HideSolutionNode = FALSE
	EndGlobalSection
	GlobalSection(NestedProjects) = preSolution
		{3074E37F-7E98-4D50-8A51-BBC581754224} = {403C88FC-9D32-436E-A35A-EB7EAABBFC74}
		{7E4B5F62-EC74-472D-A1D5-E42E82697F10} = {403C88FC-9D32-436E-A35A-EB7EAABBFC74}
		{7C2946E5-707F-4499-A2F6-FE91BCA84DAC} = {27C8223A-C8EC-4EA6-957D-A39DEC63F962}
		{81ED326F-77F5-4D82-8955-21A2B8D722C7} = {27C8223A-C8EC-4EA6-957D-A39DEC63F962}
		{AD014C29-9FB7-42E5-A88A-40BE0AEB6C0B} = {6CEED9D6-FB05-4E81-A460-6AF41969BC79}
		{DE523E6B-ED70-4DEA-B7FE-2AC3C8938119} = {6CEED9D6-FB05-4E81-A460-6AF41969BC79}
		{0B6547BF-14BE-4934-BE7A-3F3A4FAAF741} = {6CC82158-5E74-4525-BD11-14EF3A4F5471}
		{7080EBE3-D853-48C4-9198-2131A344BBCA} = {6CC82158-5E74-4525-BD11-14EF3A4F5471}
		{91AB45A6-2552-40A1-8B97-498578AC83E7} = {254B9330-E54F-4722-BD3E-07FF9B046DCD}
		{9929CF72-F675-4646-8EB6-58E9A7B3F37E} = {254B9330-E54F-4722-BD3E-07FF9B046DCD}
	EndGlobalSection
	GlobalSection(ExtensibilityGlobals) = postSolution
		SolutionGuid = {F564DA7F-2FCB-4A36-8B5B-2430911F5A8A}
	EndGlobalSection
EndGlobal
